github.com/isangeles/burn v0.0.0-20211209162410-dc7baaeb48b3/go.mod h1:8DkItbDqnXQihyyRV9YZizmqNDMTFML0Eq2i6Qu5AtE=
github.com/isangeles/fire v0.0.0-20211211180443-01bcf50998d1 h1:UTQZ2Z3cezTI18WbDt3o5lak0eZV/Dcfoku6BB54/zc=
github.com/isangeles/fire v0.0.0-20211211180443-01bcf50998d1/go.mod h1:aJgJoEu87iF+eYJ+fhHz67S+ssrFNqfIBRaQfG3WlAY=
github.com/isangeles/flame v0.0.0-20211208185920-d5a4f237aedc/go.mod h1:SnqHiRyVIg6hdDObByPdi8C8Fy2TdF5F0bbYQ9/PWLs=
github.com/isangeles/flame v0.0.0-20211209191846-19e3d69d7fc3 h1:cgbVdD1F38HDNNojDx/aC5h9qKa/pDf7quOPkcqzhgI=
github.com/isangeles/flame v0.0.0-20211209191846-19e3d69d7fc3/go.mod h1:SnqHiRyVIg6hdDObByPdi8C8Fy2TdF5F0bbYQ9/PWLs=
